
Microsoft Visual Studio Solution File, Format Version 12.00
# Visual Studio 15
VisualStudioVersion = 15.0.26124.0
MinimumVisualStudioVersion = 15.0.26124.0
Project("{FAE04EC0-301F-11D3-BF4B-00C04F79EFBC}") = "identity.api", "identity.api\identity.api.csproj", "{C806F6F5-9176-472F-96CE-BF292F02D47E}"
EndProject
Project("{FAE04EC0-301F-11D3-BF4B-00C04F79EFBC}") = "configuration.api", "configuration.api\configuration.api.csproj", "{50DEB6AB-3C55-4147-B7BA-F7D33414A088}"
EndProject
Project("{FAE04EC0-301F-11D3-BF4B-00C04F79EFBC}") = "plugins.api", "plugins.api\plugins.api.csproj", "{38C8F882-73F7-45BB-81B4-8A6A0AA54749}"
EndProject
Project("{FAE04EC0-301F-11D3-BF4B-00C04F79EFBC}") = "plugin.api", "plugin.api\plugin.api.csproj", "{E4B8C3F7-100C-4C6F-A48B-9649ED5B88E9}"
EndProject
Project("{FAE04EC0-301F-11D3-BF4B-00C04F79EFBC}") = "rules.api", "rules.api\rules.api.csproj", "{4EABDE24-AFE5-460B-9908-FE908086F270}"
EndProject
Project("{FAE04EC0-301F-11D3-BF4B-00C04F79EFBC}") = "rule.api", "rule.api\rule.api.csproj", "{DA547650-EABF-405B-9099-92A50298B505}"
EndProject
Project("{2150E333-8FDC-42A3-9474-1A3956D46DE8}") = "pluginDefinitions", "pluginDefinitions", "{38C2496D-E33F-4462-984F-B5B024088C78}"
EndProject
Project("{FAE04EC0-301F-11D3-BF4B-00C04F79EFBC}") = "lgTvPlugin", "pluginDefinitions\lgTvPlugin\lgTvPlugin.csproj", "{DFA8FD45-2279-419A-B615-8473A62E564B}"
EndProject
Project("{FAE04EC0-301F-11D3-BF4B-00C04F79EFBC}") = "Logger", "..\common\Logger\Logger.csproj", "{0D4AE8DC-C97F-4509-998E-447CB0557430}"
EndProject
Global
	GlobalSection(SolutionConfigurationPlatforms) = preSolution
		Debug|Any CPU = Debug|Any CPU
		Debug|x64 = Debug|x64
		Debug|x86 = Debug|x86
		Release|Any CPU = Release|Any CPU
		Release|x64 = Release|x64
		Release|x86 = Release|x86
	EndGlobalSection
	GlobalSection(SolutionProperties) = preSolution
		HideSolutionNode = FALSE
	EndGlobalSection
	GlobalSection(ProjectConfigurationPlatforms) = postSolution
		{C806F6F5-9176-472F-96CE-BF292F02D47E}.Debug|Any CPU.ActiveCfg = Debug|Any CPU
		{C806F6F5-9176-472F-96CE-BF292F02D47E}.Debug|Any CPU.Build.0 = Debug|Any CPU
		{C806F6F5-9176-472F-96CE-BF292F02D47E}.Debug|x64.ActiveCfg = Debug|Any CPU
		{C806F6F5-9176-472F-96CE-BF292F02D47E}.Debug|x64.Build.0 = Debug|Any CPU
		{C806F6F5-9176-472F-96CE-BF292F02D47E}.Debug|x86.ActiveCfg = Debug|Any CPU
		{C806F6F5-9176-472F-96CE-BF292F02D47E}.Debug|x86.Build.0 = Debug|Any CPU
		{C806F6F5-9176-472F-96CE-BF292F02D47E}.Release|Any CPU.ActiveCfg = Release|Any CPU
		{C806F6F5-9176-472F-96CE-BF292F02D47E}.Release|Any CPU.Build.0 = Release|Any CPU
		{C806F6F5-9176-472F-96CE-BF292F02D47E}.Release|x64.ActiveCfg = Release|Any CPU
		{C806F6F5-9176-472F-96CE-BF292F02D47E}.Release|x64.Build.0 = Release|Any CPU
		{C806F6F5-9176-472F-96CE-BF292F02D47E}.Release|x86.ActiveCfg = Release|Any CPU
		{C806F6F5-9176-472F-96CE-BF292F02D47E}.Release|x86.Build.0 = Release|Any CPU
		{50DEB6AB-3C55-4147-B7BA-F7D33414A088}.Debug|Any CPU.ActiveCfg = Debug|Any CPU
		{50DEB6AB-3C55-4147-B7BA-F7D33414A088}.Debug|Any CPU.Build.0 = Debug|Any CPU
		{50DEB6AB-3C55-4147-B7BA-F7D33414A088}.Debug|x64.ActiveCfg = Debug|Any CPU
		{50DEB6AB-3C55-4147-B7BA-F7D33414A088}.Debug|x64.Build.0 = Debug|Any CPU
		{50DEB6AB-3C55-4147-B7BA-F7D33414A088}.Debug|x86.ActiveCfg = Debug|Any CPU
		{50DEB6AB-3C55-4147-B7BA-F7D33414A088}.Debug|x86.Build.0 = Debug|Any CPU
		{50DEB6AB-3C55-4147-B7BA-F7D33414A088}.Release|Any CPU.ActiveCfg = Release|Any CPU
		{50DEB6AB-3C55-4147-B7BA-F7D33414A088}.Release|Any CPU.Build.0 = Release|Any CPU
		{50DEB6AB-3C55-4147-B7BA-F7D33414A088}.Release|x64.ActiveCfg = Release|Any CPU
		{50DEB6AB-3C55-4147-B7BA-F7D33414A088}.Release|x64.Build.0 = Release|Any CPU
		{50DEB6AB-3C55-4147-B7BA-F7D33414A088}.Release|x86.ActiveCfg = Release|Any CPU
		{50DEB6AB-3C55-4147-B7BA-F7D33414A088}.Release|x86.Build.0 = Release|Any CPU
		{38C8F882-73F7-45BB-81B4-8A6A0AA54749}.Debug|Any CPU.ActiveCfg = Debug|Any CPU
		{38C8F882-73F7-45BB-81B4-8A6A0AA54749}.Debug|Any CPU.Build.0 = Debug|Any CPU
		{38C8F882-73F7-45BB-81B4-8A6A0AA54749}.Debug|x64.ActiveCfg = Debug|Any CPU
		{38C8F882-73F7-45BB-81B4-8A6A0AA54749}.Debug|x64.Build.0 = Debug|Any CPU
		{38C8F882-73F7-45BB-81B4-8A6A0AA54749}.Debug|x86.ActiveCfg = Debug|Any CPU
		{38C8F882-73F7-45BB-81B4-8A6A0AA54749}.Debug|x86.Build.0 = Debug|Any CPU
		{38C8F882-73F7-45BB-81B4-8A6A0AA54749}.Release|Any CPU.ActiveCfg = Release|Any CPU
		{38C8F882-73F7-45BB-81B4-8A6A0AA54749}.Release|Any CPU.Build.0 = Release|Any CPU
		{38C8F882-73F7-45BB-81B4-8A6A0AA54749}.Release|x64.ActiveCfg = Release|Any CPU
		{38C8F882-73F7-45BB-81B4-8A6A0AA54749}.Release|x64.Build.0 = Release|Any CPU
		{38C8F882-73F7-45BB-81B4-8A6A0AA54749}.Release|x86.ActiveCfg = Release|Any CPU
		{38C8F882-73F7-45BB-81B4-8A6A0AA54749}.Release|x86.Build.0 = Release|Any CPU
		{E4B8C3F7-100C-4C6F-A48B-9649ED5B88E9}.Debug|Any CPU.ActiveCfg = Debug|Any CPU
		{E4B8C3F7-100C-4C6F-A48B-9649ED5B88E9}.Debug|Any CPU.Build.0 = Debug|Any CPU
		{E4B8C3F7-100C-4C6F-A48B-9649ED5B88E9}.Debug|x64.ActiveCfg = Debug|Any CPU
		{E4B8C3F7-100C-4C6F-A48B-9649ED5B88E9}.Debug|x64.Build.0 = Debug|Any CPU
		{E4B8C3F7-100C-4C6F-A48B-9649ED5B88E9}.Debug|x86.ActiveCfg = Debug|Any CPU
		{E4B8C3F7-100C-4C6F-A48B-9649ED5B88E9}.Debug|x86.Build.0 = Debug|Any CPU
		{E4B8C3F7-100C-4C6F-A48B-9649ED5B88E9}.Release|Any CPU.ActiveCfg = Release|Any CPU
		{E4B8C3F7-100C-4C6F-A48B-9649ED5B88E9}.Release|Any CPU.Build.0 = Release|Any CPU
		{E4B8C3F7-100C-4C6F-A48B-9649ED5B88E9}.Release|x64.ActiveCfg = Release|Any CPU
		{E4B8C3F7-100C-4C6F-A48B-9649ED5B88E9}.Release|x64.Build.0 = Release|Any CPU
		{E4B8C3F7-100C-4C6F-A48B-9649ED5B88E9}.Release|x86.ActiveCfg = Release|Any CPU
		{E4B8C3F7-100C-4C6F-A48B-9649ED5B88E9}.Release|x86.Build.0 = Release|Any CPU
		{4EABDE24-AFE5-460B-9908-FE908086F270}.Debug|Any CPU.ActiveCfg = Debug|Any CPU
		{4EABDE24-AFE5-460B-9908-FE908086F270}.Debug|Any CPU.Build.0 = Debug|Any CPU
		{4EABDE24-AFE5-460B-9908-FE908086F270}.Debug|x64.ActiveCfg = Debug|Any CPU
		{4EABDE24-AFE5-460B-9908-FE908086F270}.Debug|x64.Build.0 = Debug|Any CPU
		{4EABDE24-AFE5-460B-9908-FE908086F270}.Debug|x86.ActiveCfg = Debug|Any CPU
		{4EABDE24-AFE5-460B-9908-FE908086F270}.Debug|x86.Build.0 = Debug|Any CPU
		{4EABDE24-AFE5-460B-9908-FE908086F270}.Release|Any CPU.ActiveCfg = Release|Any CPU
		{4EABDE24-AFE5-460B-9908-FE908086F270}.Release|Any CPU.Build.0 = Release|Any CPU
		{4EABDE24-AFE5-460B-9908-FE908086F270}.Release|x64.ActiveCfg = Release|Any CPU
		{4EABDE24-AFE5-460B-9908-FE908086F270}.Release|x64.Build.0 = Release|Any CPU
		{4EABDE24-AFE5-460B-9908-FE908086F270}.Release|x86.ActiveCfg = Release|Any CPU
		{4EABDE24-AFE5-460B-9908-FE908086F270}.Release|x86.Build.0 = Release|Any CPU
		{DA547650-EABF-405B-9099-92A50298B505}.Debug|Any CPU.ActiveCfg = Debug|Any CPU
		{DA547650-EABF-405B-9099-92A50298B505}.Debug|Any CPU.Build.0 = Debug|Any CPU
		{DA547650-EABF-405B-9099-92A50298B505}.Debug|x64.ActiveCfg = Debug|Any CPU
		{DA547650-EABF-405B-9099-92A50298B505}.Debug|x64.Build.0 = Debug|Any CPU
		{DA547650-EABF-405B-9099-92A50298B505}.Debug|x86.ActiveCfg = Debug|Any CPU
		{DA547650-EABF-405B-9099-92A50298B505}.Debug|x86.Build.0 = Debug|Any CPU
		{DA547650-EABF-405B-9099-92A50298B505}.Release|Any CPU.ActiveCfg = Release|Any CPU
		{DA547650-EABF-405B-9099-92A50298B505}.Release|Any CPU.Build.0 = Release|Any CPU
		{DA547650-EABF-405B-9099-92A50298B505}.Release|x64.ActiveCfg = Release|Any CPU
		{DA547650-EABF-405B-9099-92A50298B505}.Release|x64.Build.0 = Release|Any CPU
		{DA547650-EABF-405B-9099-92A50298B505}.Release|x86.ActiveCfg = Release|Any CPU
		{DA547650-EABF-405B-9099-92A50298B505}.Release|x86.Build.0 = Release|Any CPU
		{DFA8FD45-2279-419A-B615-8473A62E564B}.Debug|Any CPU.ActiveCfg = Debug|Any CPU
		{DFA8FD45-2279-419A-B615-8473A62E564B}.Debug|Any CPU.Build.0 = Debug|Any CPU
		{DFA8FD45-2279-419A-B615-8473A62E564B}.Debug|x64.ActiveCfg = Debug|Any CPU
		{DFA8FD45-2279-419A-B615-8473A62E564B}.Debug|x64.Build.0 = Debug|Any CPU
		{DFA8FD45-2279-419A-B615-8473A62E564B}.Debug|x86.ActiveCfg = Debug|Any CPU
		{DFA8FD45-2279-419A-B615-8473A62E564B}.Debug|x86.Build.0 = Debug|Any CPU
		{DFA8FD45-2279-419A-B615-8473A62E564B}.Release|Any CPU.ActiveCfg = Release|Any CPU
		{DFA8FD45-2279-419A-B615-8473A62E564B}.Release|Any CPU.Build.0 = Release|Any CPU
		{DFA8FD45-2279-419A-B615-8473A62E564B}.Release|x64.ActiveCfg = Release|Any CPU
		{DFA8FD45-2279-419A-B615-8473A62E564B}.Release|x64.Build.0 = Release|Any CPU
		{DFA8FD45-2279-419A-B615-8473A62E564B}.Release|x86.ActiveCfg = Release|Any CPU
		{DFA8FD45-2279-419A-B615-8473A62E564B}.Release|x86.Build.0 = Release|Any CPU
		{0D4AE8DC-C97F-4509-998E-447CB0557430}.Debug|Any CPU.ActiveCfg = Debug|Any CPU
		{0D4AE8DC-C97F-4509-998E-447CB0557430}.Debug|Any CPU.Build.0 = Debug|Any CPU
		{0D4AE8DC-C97F-4509-998E-447CB0557430}.Debug|x64.ActiveCfg = Debug|Any CPU
		{0D4AE8DC-C97F-4509-998E-447CB0557430}.Debug|x64.Build.0 = Debug|Any CPU
		{0D4AE8DC-C97F-4509-998E-447CB0557430}.Debug|x86.ActiveCfg = Debug|Any CPU
		{0D4AE8DC-C97F-4509-998E-447CB0557430}.Debug|x86.Build.0 = Debug|Any CPU
		{0D4AE8DC-C97F-4509-998E-447CB0557430}.Release|Any CPU.ActiveCfg = Release|Any CPU
		{0D4AE8DC-C97F-4509-998E-447CB0557430}.Release|Any CPU.Build.0 = Release|Any CPU
		{0D4AE8DC-C97F-4509-998E-447CB0557430}.Release|x64.ActiveCfg = Release|Any CPU
		{0D4AE8DC-C97F-4509-998E-447CB0557430}.Release|x64.Build.0 = Release|Any CPU
		{0D4AE8DC-C97F-4509-998E-447CB0557430}.Release|x86.ActiveCfg = Release|Any CPU
		{0D4AE8DC-C97F-4509-998E-447CB0557430}.Release|x86.Build.0 = Release|Any CPU
	EndGlobalSection
	GlobalSection(NestedProjects) = preSolution
		{DFA8FD45-2279-419A-B615-8473A62E564B} = {38C2496D-E33F-4462-984F-B5B024088C78}
	EndGlobalSection
EndGlobal
